// !$*UTF8*$!
{
	archiveVersion = 1;
	classes = {
	};
	objectVersion = 50;
	objects = {

/* Begin PBXBuildFile section */
		2F0BAAD523F0EC480044BA0E /* EarlyVoter2View.swift in Sources */ = {isa = PBXBuildFile; fileRef = 2F0BAAD423F0EC480044BA0E /* EarlyVoter2View.swift */; };
		2F0BAAD723F0ED0A0044BA0E /* EarlyVote2Detail.swift in Sources */ = {isa = PBXBuildFile; fileRef = 2F0BAAD623F0ED0A0044BA0E /* EarlyVote2Detail.swift */; };
		2F0BAAD923F0EF4F0044BA0E /* Attendee2View.swift in Sources */ = {isa = PBXBuildFile; fileRef = 2F0BAAD823F0EF4F0044BA0E /* Attendee2View.swift */; };
		2F0BAADB23F0EFBF0044BA0E /* AttendeeVote2Detail.swift in Sources */ = {isa = PBXBuildFile; fileRef = 2F0BAADA23F0EFBF0044BA0E /* AttendeeVote2Detail.swift */; };
		2F0BAADD23F0EFEB0044BA0E /* Alignment2Review.swift in Sources */ = {isa = PBXBuildFile; fileRef = 2F0BAADC23F0EFEB0044BA0E /* Alignment2Review.swift */; };
		2F0BAAE023F0F5010044BA0E /* Double-Rounded.swift in Sources */ = {isa = PBXBuildFile; fileRef = 2F0BAADF23F0F5010044BA0E /* Double-Rounded.swift */; };
		2F22B37323EF2B88009DD8ED /* AppDelegate.swift in Sources */ = {isa = PBXBuildFile; fileRef = 2F22B37223EF2B88009DD8ED /* AppDelegate.swift */; };
		2F22B37523EF2B88009DD8ED /* SceneDelegate.swift in Sources */ = {isa = PBXBuildFile; fileRef = 2F22B37423EF2B88009DD8ED /* SceneDelegate.swift */; };
		2F22B37723EF2B88009DD8ED /* ContentView.swift in Sources */ = {isa = PBXBuildFile; fileRef = 2F22B37623EF2B88009DD8ED /* ContentView.swift */; };
		2F22B37923EF2B8C009DD8ED /* Assets.xcassets in Resources */ = {isa = PBXBuildFile; fileRef = 2F22B37823EF2B8C009DD8ED /* Assets.xcassets */; };
		2F22B37C23EF2B8C009DD8ED /* Preview Assets.xcassets in Resources */ = {isa = PBXBuildFile; fileRef = 2F22B37B23EF2B8C009DD8ED /* Preview Assets.xcassets */; };
		2F22B37F23EF2B8C009DD8ED /* LaunchScreen.storyboard in Resources */ = {isa = PBXBuildFile; fileRef = 2F22B37D23EF2B8C009DD8ED /* LaunchScreen.storyboard */; };
		2F22B38723EF301D009DD8ED /* Caucuses.swift in Sources */ = {isa = PBXBuildFile; fileRef = 2F22B38623EF301D009DD8ED /* Caucuses.swift */; };
		2F22B38923EFC2F2009DD8ED /* EarlyVoterView.swift in Sources */ = {isa = PBXBuildFile; fileRef = 2F22B38823EFC2F2009DD8ED /* EarlyVoterView.swift */; };
		2F22B38B23F078B0009DD8ED /* Model.swift in Sources */ = {isa = PBXBuildFile; fileRef = 2F22B38A23F078B0009DD8ED /* Model.swift */; };
		2F22B38D23F08852009DD8ED /* PrecinctView.swift in Sources */ = {isa = PBXBuildFile; fileRef = 2F22B38C23F08852009DD8ED /* PrecinctView.swift */; };
		2F22B38F23F0B57C009DD8ED /* EarlyVote1Detail.swift in Sources */ = {isa = PBXBuildFile; fileRef = 2F22B38E23F0B57C009DD8ED /* EarlyVote1Detail.swift */; };
		2F22B39123F0BAB8009DD8ED /* VoteModifyView.swift in Sources */ = {isa = PBXBuildFile; fileRef = 2F22B39023F0BAB8009DD8ED /* VoteModifyView.swift */; };
		2F22B39323F0BC3F009DD8ED /* ElectionPhase.swift in Sources */ = {isa = PBXBuildFile; fileRef = 2F22B39223F0BC3F009DD8ED /* ElectionPhase.swift */; };
		2F22B39523F0C1DD009DD8ED /* Attendee1View.swift in Sources */ = {isa = PBXBuildFile; fileRef = 2F22B39423F0C1DD009DD8ED /* Attendee1View.swift */; };
		2F22B39723F0C28A009DD8ED /* AttendeeVote1Detail.swift in Sources */ = {isa = PBXBuildFile; fileRef = 2F22B39623F0C28A009DD8ED /* AttendeeVote1Detail.swift */; };
		2F22B39923F0C898009DD8ED /* Alignment1Review.swift in Sources */ = {isa = PBXBuildFile; fileRef = 2F22B39823F0C898009DD8ED /* Alignment1Review.swift */; };
/* End PBXBuildFile section */

/* Begin PBXFileReference section */
		2F0BAAD423F0EC480044BA0E /* EarlyVoter2View.swift */ = {isa = PBXFileReference; lastKnownFileType = sourcecode.swift; path = EarlyVoter2View.swift; sourceTree = "<group>"; };
		2F0BAAD623F0ED0A0044BA0E /* EarlyVote2Detail.swift */ = {isa = PBXFileReference; fileEncoding = 4; lastKnownFileType = sourcecode.swift; path = EarlyVote2Detail.swift; sourceTree = "<group>"; };
		2F0BAAD823F0EF4F0044BA0E /* Attendee2View.swift */ = {isa = PBXFileReference; fileEncoding = 4; lastKnownFileType = sourcecode.swift; path = Attendee2View.swift; sourceTree = "<group>"; };
		2F0BAADA23F0EFBF0044BA0E /* AttendeeVote2Detail.swift */ = {isa = PBXFileReference; fileEncoding = 4; lastKnownFileType = sourcecode.swift; path = AttendeeVote2Detail.swift; sourceTree = "<group>"; };
		2F0BAADC23F0EFEB0044BA0E /* Alignment2Review.swift */ = {isa = PBXFileReference; fileEncoding = 4; lastKnownFileType = sourcecode.swift; path = Alignment2Review.swift; sourceTree = "<group>"; };
		2F0BAADF23F0F5010044BA0E /* Double-Rounded.swift */ = {isa = PBXFileReference; lastKnownFileType = sourcecode.swift; path = "Double-Rounded.swift"; sourceTree = "<group>"; };
		2F22B36F23EF2B88009DD8ED /* CaucusReport.app */ = {isa = PBXFileReference; explicitFileType = wrapper.application; includeInIndex = 0; path = CaucusReport.app; sourceTree = BUILT_PRODUCTS_DIR; };
		2F22B37223EF2B88009DD8ED /* AppDelegate.swift */ = {isa = PBXFileReference; lastKnownFileType = sourcecode.swift; path = AppDelegate.swift; sourceTree = "<group>"; };
		2F22B37423EF2B88009DD8ED /* SceneDelegate.swift */ = {isa = PBXFileReference; lastKnownFileType = sourcecode.swift; path = SceneDelegate.swift; sourceTree = "<group>"; };
		2F22B37623EF2B88009DD8ED /* ContentView.swift */ = {isa = PBXFileReference; lastKnownFileType = sourcecode.swift; path = ContentView.swift; sourceTree = "<group>"; };
		2F22B37823EF2B8C009DD8ED /* Assets.xcassets */ = {isa = PBXFileReference; lastKnownFileType = folder.assetcatalog; path = Assets.xcassets; sourceTree = "<group>"; };
		2F22B37B23EF2B8C009DD8ED /* Preview Assets.xcassets */ = {isa = PBXFileReference; lastKnownFileType = folder.assetcatalog; path = "Preview Assets.xcassets"; sourceTree = "<group>"; };
		2F22B37E23EF2B8C009DD8ED /* Base */ = {isa = PBXFileReference; lastKnownFileType = file.storyboard; name = Base; path = Base.lproj/LaunchScreen.storyboard; sourceTree = "<group>"; };
		2F22B38023EF2B8C009DD8ED /* Info.plist */ = {isa = PBXFileReference; lastKnownFileType = text.plist.xml; path = Info.plist; sourceTree = "<group>"; };
		2F22B38623EF301D009DD8ED /* Caucuses.swift */ = {isa = PBXFileReference; lastKnownFileType = sourcecode.swift; path = Caucuses.swift; sourceTree = "<group>"; };
		2F22B38823EFC2F2009DD8ED /* EarlyVoterView.swift */ = {isa = PBXFileReference; lastKnownFileType = sourcecode.swift; path = EarlyVoterView.swift; sourceTree = "<group>"; };
		2F22B38A23F078B0009DD8ED /* Model.swift */ = {isa = PBXFileReference; lastKnownFileType = sourcecode.swift; path = Model.swift; sourceTree = "<group>"; };
		2F22B38C23F08852009DD8ED /* PrecinctView.swift */ = {isa = PBXFileReference; lastKnownFileType = sourcecode.swift; path = PrecinctView.swift; sourceTree = "<group>"; };
		2F22B38E23F0B57C009DD8ED /* EarlyVote1Detail.swift */ = {isa = PBXFileReference; lastKnownFileType = sourcecode.swift; path = EarlyVote1Detail.swift; sourceTree = "<group>"; };
		2F22B39023F0BAB8009DD8ED /* VoteModifyView.swift */ = {isa = PBXFileReference; lastKnownFileType = sourcecode.swift; path = VoteModifyView.swift; sourceTree = "<group>"; };
		2F22B39223F0BC3F009DD8ED /* ElectionPhase.swift */ = {isa = PBXFileReference; lastKnownFileType = sourcecode.swift; path = ElectionPhase.swift; sourceTree = "<group>"; };
		2F22B39423F0C1DD009DD8ED /* Attendee1View.swift */ = {isa = PBXFileReference; lastKnownFileType = sourcecode.swift; path = Attendee1View.swift; sourceTree = "<group>"; };
		2F22B39623F0C28A009DD8ED /* AttendeeVote1Detail.swift */ = {isa = PBXFileReference; lastKnownFileType = sourcecode.swift; path = AttendeeVote1Detail.swift; sourceTree = "<group>"; };
		2F22B39823F0C898009DD8ED /* Alignment1Review.swift */ = {isa = PBXFileReference; lastKnownFileType = sourcecode.swift; path = Alignment1Review.swift; sourceTree = "<group>"; };
/* End PBXFileReference section */

/* Begin PBXFrameworksBuildPhase section */
		2F22B36C23EF2B88009DD8ED /* Frameworks */ = {
			isa = PBXFrameworksBuildPhase;
			buildActionMask = 2147483647;
			files = (
			);
			runOnlyForDeploymentPostprocessing = 0;
		};
/* End PBXFrameworksBuildPhase section */

/* Begin PBXGroup section */
		2F0BAADE23F0F4EC0044BA0E /* Extensions */ = {
			isa = PBXGroup;
			children = (
				2F0BAADF23F0F5010044BA0E /* Double-Rounded.swift */,
			);
			path = Extensions;
			sourceTree = "<group>";
		};
		2F22B36623EF2B88009DD8ED = {
			isa = PBXGroup;
			children = (
				2F22B37123EF2B88009DD8ED /* CaucusReport */,
				2F22B37023EF2B88009DD8ED /* Products */,
			);
			sourceTree = "<group>";
		};
		2F22B37023EF2B88009DD8ED /* Products */ = {
			isa = PBXGroup;
			children = (
				2F22B36F23EF2B88009DD8ED /* CaucusReport.app */,
			);
			name = Products;
			sourceTree = "<group>";
		};
		2F22B37123EF2B88009DD8ED /* CaucusReport */ = {
			isa = PBXGroup;
			children = (
				2F0BAADE23F0F4EC0044BA0E /* Extensions */,
				2F22B37223EF2B88009DD8ED /* AppDelegate.swift */,
				2F22B37423EF2B88009DD8ED /* SceneDelegate.swift */,
				2F22B37623EF2B88009DD8ED /* ContentView.swift */,
				2F22B38C23F08852009DD8ED /* PrecinctView.swift */,
				2F22B38823EFC2F2009DD8ED /* EarlyVoterView.swift */,
				2F22B38E23F0B57C009DD8ED /* EarlyVote1Detail.swift */,
				2F22B39023F0BAB8009DD8ED /* VoteModifyView.swift */,
				2F22B39423F0C1DD009DD8ED /* Attendee1View.swift */,
				2F0BAAD823F0EF4F0044BA0E /* Attendee2View.swift */,
				2F22B39623F0C28A009DD8ED /* AttendeeVote1Detail.swift */,
				2F0BAADA23F0EFBF0044BA0E /* AttendeeVote2Detail.swift */,
				2F22B39823F0C898009DD8ED /* Alignment1Review.swift */,
				2F0BAADC23F0EFEB0044BA0E /* Alignment2Review.swift */,
				2F0BAAD423F0EC480044BA0E /* EarlyVoter2View.swift */,
				2F0BAAD623F0ED0A0044BA0E /* EarlyVote2Detail.swift */,
				2F22B37823EF2B8C009DD8ED /* Assets.xcassets */,
				2F22B37D23EF2B8C009DD8ED /* LaunchScreen.storyboard */,
				2F22B38023EF2B8C009DD8ED /* Info.plist */,
				2F22B37A23EF2B8C009DD8ED /* Preview Content */,
				2F22B38623EF301D009DD8ED /* Caucuses.swift */,
				2F22B38A23F078B0009DD8ED /* Model.swift */,
				2F22B39223F0BC3F009DD8ED /* ElectionPhase.swift */,
			);
			path = CaucusReport;
			sourceTree = "<group>";
		};
		2F22B37A23EF2B8C009DD8ED /* Preview Content */ = {
			isa = PBXGroup;
			children = (
				2F22B37B23EF2B8C009DD8ED /* Preview Assets.xcassets */,
			);
			path = "Preview Content";
			sourceTree = "<group>";
		};
/* End PBXGroup section */

/* Begin PBXNativeTarget section */
		2F22B36E23EF2B88009DD8ED /* CaucusReport */ = {
			isa = PBXNativeTarget;
			buildConfigurationList = 2F22B38323EF2B8C009DD8ED /* Build configuration list for PBXNativeTarget "CaucusReport" */;
			buildPhases = (
				2F22B36B23EF2B88009DD8ED /* Sources */,
				2F22B36C23EF2B88009DD8ED /* Frameworks */,
				2F22B36D23EF2B88009DD8ED /* Resources */,
			);
			buildRules = (
			);
			dependencies = (
			);
			name = CaucusReport;
			productName = CaucusReport;
			productReference = 2F22B36F23EF2B88009DD8ED /* CaucusReport.app */;
			productType = "com.apple.product-type.application";
		};
/* End PBXNativeTarget section */

/* Begin PBXProject section */
		2F22B36723EF2B88009DD8ED /* Project object */ = {
			isa = PBXProject;
			attributes = {
				LastSwiftUpdateCheck = 1130;
				LastUpgradeCheck = 1130;
				ORGANIZATIONNAME = net.networkmom;
				TargetAttributes = {
					2F22B36E23EF2B88009DD8ED = {
						CreatedOnToolsVersion = 11.3.1;
					};
				};
			};
			buildConfigurationList = 2F22B36A23EF2B88009DD8ED /* Build configuration list for PBXProject "CaucusReport" */;
			compatibilityVersion = "Xcode 9.3";
			developmentRegion = en;
			hasScannedForEncodings = 0;
			knownRegions = (
				en,
				Base,
			);
			mainGroup = 2F22B36623EF2B88009DD8ED;
			productRefGroup = 2F22B37023EF2B88009DD8ED /* Products */;
			projectDirPath = "";
			projectRoot = "";
			targets = (
				2F22B36E23EF2B88009DD8ED /* CaucusReport */,
			);
		};
/* End PBXProject section */

/* Begin PBXResourcesBuildPhase section */
		2F22B36D23EF2B88009DD8ED /* Resources */ = {
			isa = PBXResourcesBuildPhase;
			buildActionMask = 2147483647;
			files = (
				2F22B37F23EF2B8C009DD8ED /* LaunchScreen.storyboard in Resources */,
				2F22B37C23EF2B8C009DD8ED /* Preview Assets.xcassets in Resources */,
				2F22B37923EF2B8C009DD8ED /* Assets.xcassets in Resources */,
			);
			runOnlyForDeploymentPostprocessing = 0;
		};
/* End PBXResourcesBuildPhase section */

/* Begin PBXSourcesBuildPhase section */
		2F22B36B23EF2B88009DD8ED /* Sources */ = {
			isa = PBXSourcesBuildPhase;
			buildActionMask = 2147483647;
			files = (
				2F22B38923EFC2F2009DD8ED /* EarlyVoterView.swift in Sources */,
				2F0BAAE023F0F5010044BA0E /* Double-Rounded.swift in Sources */,
				2F22B37323EF2B88009DD8ED /* AppDelegate.swift in Sources */,
				2F22B38723EF301D009DD8ED /* Caucuses.swift in Sources */,
				2F22B39123F0BAB8009DD8ED /* VoteModifyView.swift in Sources */,
				2F22B39723F0C28A009DD8ED /* AttendeeVote1Detail.swift in Sources */,
				2F0BAAD923F0EF4F0044BA0E /* Attendee2View.swift in Sources */,
				2F0BAADD23F0EFEB0044BA0E /* Alignment2Review.swift in Sources */,
				2F22B38B23F078B0009DD8ED /* Model.swift in Sources */,
				2F22B37523EF2B88009DD8ED /* SceneDelegate.swift in Sources */,
				2F22B38D23F08852009DD8ED /* PrecinctView.swift in Sources */,
				2F0BAADB23F0EFBF0044BA0E /* AttendeeVote2Detail.swift in Sources */,
				2F0BAAD523F0EC480044BA0E /* EarlyVoter2View.swift in Sources */,
				2F22B39523F0C1DD009DD8ED /* Attendee1View.swift in Sources */,
				2F22B38F23F0B57C009DD8ED /* EarlyVote1Detail.swift in Sources */,
				2F0BAAD723F0ED0A0044BA0E /* EarlyVote2Detail.swift in Sources */,
				2F22B39323F0BC3F009DD8ED /* ElectionPhase.swift in Sources */,
				2F22B37723EF2B88009DD8ED /* ContentView.swift in Sources */,
				2F22B39923F0C898009DD8ED /* Alignment1Review.swift in Sources */,
			);
			runOnlyForDeploymentPostprocessing = 0;
		};
/* End PBXSourcesBuildPhase section */

/* Begin PBXVariantGroup section */
		2F22B37D23EF2B8C009DD8ED /* LaunchScreen.storyboard */ = {
			isa = PBXVariantGroup;
			children = (
				2F22B37E23EF2B8C009DD8ED /* Base */,
			);
			name = LaunchScreen.storyboard;
			sourceTree = "<group>";
		};
/* End PBXVariantGroup section */

/* Begin XCBuildConfiguration section */
		2F22B38123EF2B8C009DD8ED /* Debug */ = {
			isa = XCBuildConfiguration;
			buildSettings = {
				ALWAYS_SEARCH_USER_PATHS = NO;
				CLANG_ANALYZER_NONNULL = YES;
				CLANG_ANALYZER_NUMBER_OBJECT_CONVERSION = YES_AGGRESSIVE;
				CLANG_CXX_LANGUAGE_STANDARD = "gnu++14";
				CLANG_CXX_LIBRARY = "libc++";
				CLANG_ENABLE_MODULES = YES;
				CLANG_ENABLE_OBJC_ARC = YES;
				CLANG_ENABLE_OBJC_WEAK = YES;
				CLANG_WARN_BLOCK_CAPTURE_AUTORELEASING = YES;
				CLANG_WARN_BOOL_CONVERSION = YES;
				CLANG_WARN_COMMA = YES;
				CLANG_WARN_CONSTANT_CONVERSION = YES;
				CLANG_WARN_DEPRECATED_OBJC_IMPLEMENTATIONS = YES;
				CLANG_WARN_DIRECT_OBJC_ISA_USAGE = YES_ERROR;
				CLANG_WARN_DOCUMENTATION_COMMENTS = YES;
				CLANG_WARN_EMPTY_BODY = YES;
				CLANG_WARN_ENUM_CONVERSION = YES;
				CLANG_WARN_INFINITE_RECURSION = YES;
				CLANG_WARN_INT_CONVERSION = YES;
				CLANG_WARN_NON_LITERAL_NULL_CONVERSION = YES;
				CLANG_WARN_OBJC_IMPLICIT_RETAIN_SELF = YES;
				CLANG_WARN_OBJC_LITERAL_CONVERSION = YES;
				CLANG_WARN_OBJC_ROOT_CLASS = YES_ERROR;
				CLANG_WARN_RANGE_LOOP_ANALYSIS = YES;
				CLANG_WARN_STRICT_PROTOTYPES = YES;
				CLANG_WARN_SUSPICIOUS_MOVE = YES;
				CLANG_WARN_UNGUARDED_AVAILABILITY = YES_AGGRESSIVE;
				CLANG_WARN_UNREACHABLE_CODE = YES;
				CLANG_WARN__DUPLICATE_METHOD_MATCH = YES;
				COPY_PHASE_STRIP = NO;
				DEBUG_INFORMATION_FORMAT = dwarf;
				ENABLE_STRICT_OBJC_MSGSEND = YES;
				ENABLE_TESTABILITY = YES;
				GCC_C_LANGUAGE_STANDARD = gnu11;
				GCC_DYNAMIC_NO_PIC = NO;
				GCC_NO_COMMON_BLOCKS = YES;
				GCC_OPTIMIZATION_LEVEL = 0;
				GCC_PREPROCESSOR_DEFINITIONS = (
					"DEBUG=1",
					"$(inherited)",
				);
				GCC_WARN_64_TO_32_BIT_CONVERSION = YES;
				GCC_WARN_ABOUT_RETURN_TYPE = YES_ERROR;
				GCC_WARN_UNDECLARED_SELECTOR = YES;
				GCC_WARN_UNINITIALIZED_AUTOS = YES_AGGRESSIVE;
				GCC_WARN_UNUSED_FUNCTION = YES;
				GCC_WARN_UNUSED_VARIABLE = YES;
				IPHONEOS_DEPLOYMENT_TARGET = 13.0;
				MTL_ENABLE_DEBUG_INFO = INCLUDE_SOURCE;
				MTL_FAST_MATH = YES;
				ONLY_ACTIVE_ARCH = YES;
				SDKROOT = iphoneos;
				SWIFT_ACTIVE_COMPILATION_CONDITIONS = DEBUG;
				SWIFT_OPTIMIZATION_LEVEL = "-Onone";
			};
			name = Debug;
		};
		2F22B38223EF2B8C009DD8ED /* Release */ = {
			isa = XCBuildConfiguration;
			buildSettings = {
				ALWAYS_SEARCH_USER_PATHS = NO;
				CLANG_ANALYZER_NONNULL = YES;
				CLANG_ANALYZER_NUMBER_OBJECT_CONVERSION = YES_AGGRESSIVE;
				CLANG_CXX_LANGUAGE_STANDARD = "gnu++14";
				CLANG_CXX_LIBRARY = "libc++";
				CLANG_ENABLE_MODULES = YES;
				CLANG_ENABLE_OBJC_ARC = YES;
				CLANG_ENABLE_OBJC_WEAK = YES;
				CLANG_WARN_BLOCK_CAPTURE_AUTORELEASING = YES;
				CLANG_WARN_BOOL_CONVERSION = YES;
				CLANG_WARN_COMMA = YES;
				CLANG_WARN_CONSTANT_CONVERSION = YES;
				CLANG_WARN_DEPRECATED_OBJC_IMPLEMENTATIONS = YES;
				CLANG_WARN_DIRECT_OBJC_ISA_USAGE = YES_ERROR;
				CLANG_WARN_DOCUMENTATION_COMMENTS = YES;
				CLANG_WARN_EMPTY_BODY = YES;
				CLANG_WARN_ENUM_CONVERSION = YES;
				CLANG_WARN_INFINITE_RECURSION = YES;
				CLANG_WARN_INT_CONVERSION = YES;
				CLANG_WARN_NON_LITERAL_NULL_CONVERSION = YES;
				CLANG_WARN_OBJC_IMPLICIT_RETAIN_SELF = YES;
				CLANG_WARN_OBJC_LITERAL_CONVERSION = YES;
				CLANG_WARN_OBJC_ROOT_CLASS = YES_ERROR;
				CLANG_WARN_RANGE_LOOP_ANALYSIS = YES;
				CLANG_WARN_STRICT_PROTOTYPES = YES;
				CLANG_WARN_SUSPICIOUS_MOVE = YES;
				CLANG_WARN_UNGUARDED_AVAILABILITY = YES_AGGRESSIVE;
				CLANG_WARN_UNREACHABLE_CODE = YES;
				CLANG_WARN__DUPLICATE_METHOD_MATCH = YES;
				COPY_PHASE_STRIP = NO;
				DEBUG_INFORMATION_FORMAT = "dwarf-with-dsym";
				ENABLE_NS_ASSERTIONS = NO;
				ENABLE_STRICT_OBJC_MSGSEND = YES;
				GCC_C_LANGUAGE_STANDARD = gnu11;
				GCC_NO_COMMON_BLOCKS = YES;
				GCC_WARN_64_TO_32_BIT_CONVERSION = YES;
				GCC_WARN_ABOUT_RETURN_TYPE = YES_ERROR;
				GCC_WARN_UNDECLARED_SELECTOR = YES;
				GCC_WARN_UNINITIALIZED_AUTOS = YES_AGGRESSIVE;
				GCC_WARN_UNUSED_FUNCTION = YES;
				GCC_WARN_UNUSED_VARIABLE = YES;
				IPHONEOS_DEPLOYMENT_TARGET = 13.0;
				MTL_ENABLE_DEBUG_INFO = NO;
				MTL_FAST_MATH = YES;
				SDKROOT = iphoneos;
				SWIFT_COMPILATION_MODE = wholemodule;
				SWIFT_OPTIMIZATION_LEVEL = "-O";
				VALIDATE_PRODUCT = YES;
			};
			name = Release;
		};
		2F22B38423EF2B8C009DD8ED /* Debug */ = {
			isa = XCBuildConfiguration;
			buildSettings = {
				ASSETCATALOG_COMPILER_APPICON_NAME = AppIcon;
				CODE_SIGN_STYLE = Automatic;
				DEVELOPMENT_ASSET_PATHS = "\"CaucusReport/Preview Content\"";
				DEVELOPMENT_TEAM = 8DU2Q8ABKY;
				ENABLE_PREVIEWS = YES;
				INFOPLIST_FILE = CaucusReport/Info.plist;
				LD_RUNPATH_SEARCH_PATHS = (
					"$(inherited)",
					"@executable_path/Frameworks",
				);
				PRODUCT_BUNDLE_IDENTIFIER = net.networkmom.CaucusReport;
				PRODUCT_NAME = "$(TARGET_NAME)";
				SWIFT_VERSION = 5.0;
				TARGETED_DEVICE_FAMILY = "1,2";
			};
			name = Debug;
		};
		2F22B38523EF2B8C009DD8ED /* Release */ = {
			isa = XCBuildConfiguration;
			buildSettings = {
				ASSETCATALOG_COMPILER_APPICON_NAME = AppIcon;
				CODE_SIGN_STYLE = Automatic;
				DEVELOPMENT_ASSET_PATHS = "\"CaucusReport/Preview Content\"";
				DEVELOPMENT_TEAM = 8DU2Q8ABKY;
				ENABLE_PREVIEWS = YES;
				INFOPLIST_FILE = CaucusReport/Info.plist;
				LD_RUNPATH_SEARCH_PATHS = (
					"$(inherited)",
					"@executable_path/Frameworks",
				);
				PRODUCT_BUNDLE_IDENTIFIER = net.networkmom.CaucusReport;
				PRODUCT_NAME = "$(TARGET_NAME)";
				SWIFT_VERSION = 5.0;
				TARGETED_DEVICE_FAMILY = "1,2";
			};
			name = Release;
		};
/* End XCBuildConfiguration section */

/* Begin XCConfigurationList section */
		2F22B36A23EF2B88009DD8ED /* Build configuration list for PBXProject "CaucusReport" */ = {
			isa = XCConfigurationList;
			buildConfigurations = (
				2F22B38123EF2B8C009DD8ED /* Debug */,
				2F22B38223EF2B8C009DD8ED /* Release */,
			);
			defaultConfigurationIsVisible = 0;
			defaultConfigurationName = Release;
		};
		2F22B38323EF2B8C009DD8ED /* Build configuration list for PBXNativeTarget "CaucusReport" */ = {
			isa = XCConfigurationList;
			buildConfigurations = (
				2F22B38423EF2B8C009DD8ED /* Debug */,
				2F22B38523EF2B8C009DD8ED /* Release */,
			);
			defaultConfigurationIsVisible = 0;
			defaultConfigurationName = Release;
		};
/* End XCConfigurationList section */
	};
	rootObject = 2F22B36723EF2B88009DD8ED /* Project object */;
}
